
Microsoft Visual Studio Solution File, Format Version 12.00
# Visual Studio Version 17
VisualStudioVersion = 17.2.32616.157
MinimumVisualStudioVersion = 10.0.40219.1
Project("{FAE04EC0-301F-11D3-BF4B-00C04F79EFBC}") = "pdf2text", "pdf2text\pdf2text.csproj", "{A82BCCC2-2021-41D3-9C5D-9B135087410A}"
EndProject
Global
	GlobalSection(SolutionConfigurationPlatforms) = preSolution
		Debug|Any CPU = Debug|Any CPU
		Release|Any CPU = Release|Any CPU
	EndGlobalSection
	GlobalSection(ProjectConfigurationPlatforms) = postSolution
		{A82BCCC2-2021-41D3-9C5D-9B135087410A}.Debug|Any CPU.ActiveCfg = Debug|Any CPU
		{A82BCCC2-2021-41D3-9C5D-9B135087410A}.Debug|Any CPU.Build.0 = Debug|Any CPU
		{A82BCCC2-2021-41D3-9C5D-9B135087410A}.Release|Any CPU.ActiveCfg = Release|Any CPU
		{A82BCCC2-2021-41D3-9C5D-9B135087410A}.Release|Any CPU.Build.0 = Release|Any CPU
	EndGlobalSection
	GlobalSection(SolutionProperties) = preSolution
		HideSolutionNode = FALSE
	EndGlobalSection
	GlobalSection(ExtensibilityGlobals) = postSolution
		SolutionGuid = {42BD4D40-D1D0-4B0A-B763-5EA2E88E7823}
	EndGlobalSection
EndGlobal
